
Microsoft Visual Studio Solution File, Format Version 12.00
# Visual Studio 15
VisualStudioVersion = 15.0.26430.16
MinimumVisualStudioVersion = 10.0.40219.1
Project("{9A19103F-16F7-4668-BE54-9A1E7A4F7556}") = "HiP-DataStore", "HiP-DataStore\HiP-DataStore.csproj", "{AA345286-8B3C-48B3-8E3A-F0D0571A9091}"
EndProject
Project("{9A19103F-16F7-4668-BE54-9A1E7A4F7556}") = "HiP-DataStore.Model", "HiP-DataStore.Model\HiP-DataStore.Model.csproj", "{974D45A5-D139-4838-B766-9349E7C20CE4}"
EndProject
Project("{9A19103F-16F7-4668-BE54-9A1E7A4F7556}") = "HiP-DataStore.Tests", "HiP-DataStore.Tests\HiP-DataStore.Tests.csproj", "{2168A290-1074-4577-8F33-3872B39B02ED}"
EndProject
Global
	GlobalSection(SolutionConfigurationPlatforms) = preSolution
		Debug|Any CPU = Debug|Any CPU
		Release|Any CPU = Release|Any CPU
	EndGlobalSection
	GlobalSection(ProjectConfigurationPlatforms) = postSolution
		{AA345286-8B3C-48B3-8E3A-F0D0571A9091}.Debug|Any CPU.ActiveCfg = Debug|Any CPU
		{AA345286-8B3C-48B3-8E3A-F0D0571A9091}.Debug|Any CPU.Build.0 = Debug|Any CPU
		{AA345286-8B3C-48B3-8E3A-F0D0571A9091}.Release|Any CPU.ActiveCfg = Release|Any CPU
		{AA345286-8B3C-48B3-8E3A-F0D0571A9091}.Release|Any CPU.Build.0 = Release|Any CPU
		{974D45A5-D139-4838-B766-9349E7C20CE4}.Debug|Any CPU.ActiveCfg = Debug|Any CPU
		{974D45A5-D139-4838-B766-9349E7C20CE4}.Debug|Any CPU.Build.0 = Debug|Any CPU
		{974D45A5-D139-4838-B766-9349E7C20CE4}.Release|Any CPU.ActiveCfg = Release|Any CPU
		{974D45A5-D139-4838-B766-9349E7C20CE4}.Release|Any CPU.Build.0 = Release|Any CPU
		{2168A290-1074-4577-8F33-3872B39B02ED}.Debug|Any CPU.ActiveCfg = Debug|Any CPU
		{2168A290-1074-4577-8F33-3872B39B02ED}.Debug|Any CPU.Build.0 = Debug|Any CPU
		{2168A290-1074-4577-8F33-3872B39B02ED}.Release|Any CPU.ActiveCfg = Release|Any CPU
		{2168A290-1074-4577-8F33-3872B39B02ED}.Release|Any CPU.Build.0 = Release|Any CPU
	EndGlobalSection
	GlobalSection(SolutionProperties) = preSolution
		HideSolutionNode = FALSE
	EndGlobalSection
EndGlobal
